# THIS IS AN AUTOGENERATED FILE. DO NOT EDIT THIS FILE DIRECTLY.
# yarn lockfile v1


"@babel/parser@^7.16.4":
  version "7.17.8"
  resolved "https://registry.yarnpkg.com/@babel/parser/-/parser-7.17.8.tgz#2817fb9d885dd8132ea0f8eb615a6388cca1c240"
  integrity sha512-BoHhDJrJXqcg+ZL16Xv39H9n+AqJ4pcDrQBGZN+wHxIysrLZ3/ECwCBUch/1zUNhnsXULcONU3Ei5Hmkfk6kiQ==

"@ckeditor/ckeditor5-adapter-ckfinder@^33.0.0":
  version "33.0.0"
  resolved "https://registry.yarnpkg.com/@ckeditor/ckeditor5-adapter-ckfinder/-/ckeditor5-adapter-ckfinder-33.0.0.tgz#e10d4ad33f0ffdfe8be018e39da5febf8b7424c9"
  integrity sha512-q2VlCvPKeNJYrL0edLI39EzLv9stmTSvHKD4dvcRECp+JqlRC9SjX04dYNDCC+ZSyLjIy/3wOIqxmxvJILQ+7w==
  dependencies:
    ckeditor5 "^33.0.0"

"@ckeditor/ckeditor5-autoformat@^33.0.0":
  version "33.0.0"
  resolved "https://registry.yarnpkg.com/@ckeditor/ckeditor5-autoformat/-/ckeditor5-autoformat-33.0.0.tgz#aa0d01d8a021a1ef3ec4d57cbd1d932bc02bce2c"
  integrity sha512-UnHPuA62uN2UfD+WwXLAZGV86EUQqxEUdAI7CXvcXBMz6S8P687aakHMs20p+iuxdcRLyN4slDdpumpVHr2D/g==
  dependencies:
    ckeditor5 "^33.0.0"

"@ckeditor/ckeditor5-basic-styles@^33.0.0":
  version "33.0.0"
  resolved "https://registry.yarnpkg.com/@ckeditor/ckeditor5-basic-styles/-/ckeditor5-basic-styles-33.0.0.tgz#cff469c745921ffa6e108929e71619ff4adcc787"
  integrity sha512-cg8wlUelIPMOW7vDPQpYDcfN6XzR84u6HFyfCO+KnH0L5KerMm4qfA4bVZ+LksJWyxbu1plTvabq5inua2bUvw==
  dependencies:
    ckeditor5 "^33.0.0"

"@ckeditor/ckeditor5-block-quote@^33.0.0":
  version "33.0.0"
  resolved "https://registry.yarnpkg.com/@ckeditor/ckeditor5-block-quote/-/ckeditor5-block-quote-33.0.0.tgz#6272da0bb21807cfbad3118e3a0c354da4de914c"
  integrity sha512-ACP+nNz7hOV/u3/dcdQsG2Hk2AG7UvjNLEU1k4X4dg0MxANqpmTyfYDmofV7mUZ5fllFI3uuLabg81eLHlv1Xw==
  dependencies:
    ckeditor5 "^33.0.0"

"@ckeditor/ckeditor5-build-classic@^33.0.0":
  version "33.0.0"
  resolved "https://registry.yarnpkg.com/@ckeditor/ckeditor5-build-classic/-/ckeditor5-build-classic-33.0.0.tgz#2fba5c9f8b182c65cda71cfdd3397df95c23d07e"
  integrity sha512-OyWPhUwi44OzMefReKUKWk8joKnmLJPEcB+GpEeonsB11AjGNFJejQirsDBnp0oryLxpt2/zq9APyABFVs9oBA==
  dependencies:
    "@ckeditor/ckeditor5-adapter-ckfinder" "^33.0.0"
    "@ckeditor/ckeditor5-autoformat" "^33.0.0"
    "@ckeditor/ckeditor5-basic-styles" "^33.0.0"
    "@ckeditor/ckeditor5-block-quote" "^33.0.0"
    "@ckeditor/ckeditor5-ckfinder" "^33.0.0"
    "@ckeditor/ckeditor5-cloud-services" "^33.0.0"
    "@ckeditor/ckeditor5-easy-image" "^33.0.0"
    "@ckeditor/ckeditor5-editor-classic" "^33.0.0"
    "@ckeditor/ckeditor5-essentials" "^33.0.0"
    "@ckeditor/ckeditor5-heading" "^33.0.0"
    "@ckeditor/ckeditor5-image" "^33.0.0"
    "@ckeditor/ckeditor5-indent" "^33.0.0"
    "@ckeditor/ckeditor5-link" "^33.0.0"
    "@ckeditor/ckeditor5-list" "^33.0.0"
    "@ckeditor/ckeditor5-media-embed" "^33.0.0"
    "@ckeditor/ckeditor5-paragraph" "^33.0.0"
    "@ckeditor/ckeditor5-paste-from-office" "^33.0.0"
    "@ckeditor/ckeditor5-table" "^33.0.0"
    "@ckeditor/ckeditor5-typing" "^33.0.0"

"@ckeditor/ckeditor5-ckfinder@^33.0.0":
  version "33.0.0"
  resolved "https://registry.yarnpkg.com/@ckeditor/ckeditor5-ckfinder/-/ckeditor5-ckfinder-33.0.0.tgz#d925707dac4e4ffb53f6a7bdf3016316771d35b5"
  integrity sha512-LkOIHZJWKz6P8OWt04okccSxV/8NR751q4g7dUDwxf/u+JuV7WlPURp0wy5s22sIJPZHSa/nitF9o5wd98bcnQ==
  dependencies:
    ckeditor5 "^33.0.0"

"@ckeditor/ckeditor5-clipboard@^33.0.0":
  version "33.0.0"
  resolved "https://registry.yarnpkg.com/@ckeditor/ckeditor5-clipboard/-/ckeditor5-clipboard-33.0.0.tgz#86103e055202a748e5735f2b60a0060c3937a443"
  integrity sha512-/2DHhIm6/ubaB4veLJbJ24earj3en5z0orzLA0mPCTT4ATag7C0YZ9+cyQZYLBbxbjPmOdMmR7jiM8Yw84AdNQ==
  dependencies:
    "@ckeditor/ckeditor5-core" "^33.0.0"
    "@ckeditor/ckeditor5-engine" "^33.0.0"
    "@ckeditor/ckeditor5-utils" "^33.0.0"
    "@ckeditor/ckeditor5-widget" "^33.0.0"
    lodash-es "^4.17.11"

"@ckeditor/ckeditor5-cloud-services@^33.0.0":
  version "33.0.0"
  resolved "https://registry.yarnpkg.com/@ckeditor/ckeditor5-cloud-services/-/ckeditor5-cloud-services-33.0.0.tgz#104c4fa371a7c86604266fab264a75b9a8b3e64c"
  integrity sha512-/Ohjy+UJE6m6dbx1XpFJ/ASU+o1a97FmiVU/fUD92Iywz1DFKzSb+xP8NcKpvez+P1OOOQDvhNwx/Gzclx51lw==
  dependencies:
    ckeditor5 "^33.0.0"

"@ckeditor/ckeditor5-core@^33.0.0":
  version "33.0.0"
  resolved "https://registry.yarnpkg.com/@ckeditor/ckeditor5-core/-/ckeditor5-core-33.0.0.tgz#0960d9b975700c3df1037578e919e2c081d94935"
  integrity sha512-ciYryUdtckV/lGcmT9cTo5ZG12xpM8k1liMDCHs8tT/J8iq35JwSoiZGM3S9lhXLk7SB7hC2jd2JsugMoEzrFA==
  dependencies:
    "@ckeditor/ckeditor5-engine" "^33.0.0"
    "@ckeditor/ckeditor5-ui" "^33.0.0"
    "@ckeditor/ckeditor5-utils" "^33.0.0"
    lodash-es "^4.17.15"

"@ckeditor/ckeditor5-easy-image@^33.0.0":
  version "33.0.0"
  resolved "https://registry.yarnpkg.com/@ckeditor/ckeditor5-easy-image/-/ckeditor5-easy-image-33.0.0.tgz#334290effe0ebdf2f306893d5840bc8cf9323983"
  integrity sha512-HMj+Psqt6vXj3B7Ki2Ch5BZD6I8I+j9PL40QZuF7fkmV/fzJjCRYhu7Byzxvu/ZgjASJzxn7omOwdA04+dXeqg==
  dependencies:
    ckeditor5 "^33.0.0"

"@ckeditor/ckeditor5-editor-classic@^33.0.0":
  version "33.0.0"
  resolved "https://registry.yarnpkg.com/@ckeditor/ckeditor5-editor-classic/-/ckeditor5-editor-classic-33.0.0.tgz#20b15be497089d509a9f284944f2b67bb62df614"
  integrity sha512-3KYvy7+Gj11NVgBXpL3CqeqeWcIJQlIyc73ODpK2+q9bkBk/1M4w6ZX0e5g+Pv3Q2h4bgfitWfXkfJBXXIrAYw==
  dependencies:
    ckeditor5 "^33.0.0"
    lodash-es "^4.17.15"

"@ckeditor/ckeditor5-engine@^33.0.0":
  version "33.0.0"
  resolved "https://registry.yarnpkg.com/@ckeditor/ckeditor5-engine/-/ckeditor5-engine-33.0.0.tgz#d68ac30ade1ea97eada5fa0f12f586dd378b9acf"
  integrity sha512-dZIcj8f80s+4RxJaWZWoxK2E8OHDFGi8FDayqNy65lJp97ks4O5QCYm5N3/RRwaHqFtX0MkiCX0uTAKU6mTXCg==
  dependencies:
    "@ckeditor/ckeditor5-utils" "^33.0.0"
    lodash-es "^4.17.15"

"@ckeditor/ckeditor5-enter@^33.0.0":
  version "33.0.0"
  resolved "https://registry.yarnpkg.com/@ckeditor/ckeditor5-enter/-/ckeditor5-enter-33.0.0.tgz#283374671ff94ef58959a2d6814f0ed93897fbe7"
  integrity sha512-L7viqPLQ2vJBlCWGR8CJGfu1uuwyxMvwj+r3GeCkd3QV+E9PHAzrslc8V4WIyUk9DUcFuuZaF4iT7NZapmWmvg==
  dependencies:
    "@ckeditor/ckeditor5-core" "^33.0.0"
    "@ckeditor/ckeditor5-engine" "^33.0.0"
    "@ckeditor/ckeditor5-utils" "^33.0.0"

"@ckeditor/ckeditor5-essentials@^33.0.0":
  version "33.0.0"
  resolved "https://registry.yarnpkg.com/@ckeditor/ckeditor5-essentials/-/ckeditor5-essentials-33.0.0.tgz#d83054207239cd61f143fc07e355368cb98e5d71"
  integrity sha512-KXvyQ5Z/AGD0iTTnP4GMfTWrIY0Sip6kes7uqqbGdrCL/fINzUPywRSkgB5c9LBFleX/H12x5Cyn1lhof9zdiw==
  dependencies:
    ckeditor5 "^33.0.0"

"@ckeditor/ckeditor5-heading@^33.0.0":
  version "33.0.0"
  resolved "https://registry.yarnpkg.com/@ckeditor/ckeditor5-heading/-/ckeditor5-heading-33.0.0.tgz#892b8c2a8760070a63f44c00aeb94df99a3ceb02"
  integrity sha512-rYvl0uTN4FcSNU+X/PQXMeeCbfgHGXYqY5ZPfqmNYq3lrtnWDqaapoJiIh8ybeotQ8DDT3tCB+2drlhgKJwbkw==
  dependencies:
    ckeditor5 "^33.0.0"

"@ckeditor/ckeditor5-image@^33.0.0":
  version "33.0.0"
  resolved "https://registry.yarnpkg.com/@ckeditor/ckeditor5-image/-/ckeditor5-image-33.0.0.tgz#8c02852ff8df56c23a0514c19907d69f2cd4c8d9"
  integrity sha512-Wal6j90JCspz1dvAjmDgNZj1UrqmDk54arXORn2deaVPCY5E7VSdaCPH4uSMT2Rppc6DQoidSxczXYnDkyCJxw==
  dependencies:
    "@ckeditor/ckeditor5-ui" "^33.0.0"
    ckeditor5 "^33.0.0"
    lodash-es "^4.17.15"

"@ckeditor/ckeditor5-indent@^33.0.0":
  version "33.0.0"
  resolved "https://registry.yarnpkg.com/@ckeditor/ckeditor5-indent/-/ckeditor5-indent-33.0.0.tgz#4c98779a1e88eaa169b45be737f056458fd34fdd"
  integrity sha512-PmI86z61/3XxhHTnMwqvfKBtBvnL+9OTqZRfh6IxO5onnj6sUsky8SD6J54MTynObZ1hSqqzToRQWg79A85LuQ==
  dependencies:
    ckeditor5 "^33.0.0"

"@ckeditor/ckeditor5-link@^33.0.0":
  version "33.0.0"
  resolved "https://registry.yarnpkg.com/@ckeditor/ckeditor5-link/-/ckeditor5-link-33.0.0.tgz#f6fd09c73557b0c75c00e62dfc0a55431ceca4b5"
  integrity sha512-KYejz6JuaKErtioN3/OkH31MBZen5g790FlBTvcSQUeCrajYJXfxXv6OaTNWgf4VM7pP8/NaRQ6MGICNn/imUw==
  dependencies:
    "@ckeditor/ckeditor5-ui" "^33.0.0"
    ckeditor5 "^33.0.0"
    lodash-es "^4.17.15"

"@ckeditor/ckeditor5-list@^33.0.0":
  version "33.0.0"
  resolved "https://registry.yarnpkg.com/@ckeditor/ckeditor5-list/-/ckeditor5-list-33.0.0.tgz#0e3ee9875e088989c3cac9084749d65cee8fe3b0"
  integrity sha512-duBpQFwfntztoFOoiAaSJFHIMuOzyN8PnGqgZ/ackt8jP2x2+1dViE6tAuHQz2KRsPCSAcW7NQlFOkma9+yFdg==
  dependencies:
    "@ckeditor/ckeditor5-ui" "^33.0.0"
    ckeditor5 "^33.0.0"

"@ckeditor/ckeditor5-media-embed@^33.0.0":
  version "33.0.0"
  resolved "https://registry.yarnpkg.com/@ckeditor/ckeditor5-media-embed/-/ckeditor5-media-embed-33.0.0.tgz#289f589e5bc7e54bead9d4a7b1c9f1b76a19198e"
  integrity sha512-gtIoQC/s4D7EsXYIawaLInTNX0H8RcUHSSRewO9F5C/LtVmkwhyMJ9H6DSPrPmhgOiDcJVfkQUaF5q8EPIt8Fw==
  dependencies:
    "@ckeditor/ckeditor5-ui" "^33.0.0"
    ckeditor5 "^33.0.0"

"@ckeditor/ckeditor5-paragraph@^33.0.0":
  version "33.0.0"
  resolved "https://registry.yarnpkg.com/@ckeditor/ckeditor5-paragraph/-/ckeditor5-paragraph-33.0.0.tgz#f918011da8a2eb85a99bce126ee91aa16ab38c52"
  integrity sha512-uYCKWTWh/XmLKrcJB4FjW7F7aTW916U9nkpnzD5tWTOvh8Dl2MqpK9WpH+nCIi68suPVKjgYszAdNKOlUcF9oQ==
  dependencies:
    "@ckeditor/ckeditor5-core" "^33.0.0"
    "@ckeditor/ckeditor5-ui" "^33.0.0"
    "@ckeditor/ckeditor5-utils" "^33.0.0"

"@ckeditor/ckeditor5-paste-from-office@^33.0.0":
  version "33.0.0"
  resolved "https://registry.yarnpkg.com/@ckeditor/ckeditor5-paste-from-office/-/ckeditor5-paste-from-office-33.0.0.tgz#0bcf20b2bf0b04d507bdf17a6e0266aabebbf80a"
  integrity sha512-URUmnydab7IGogPNN5kXa8uVuHgqaIcXzbAW+UC0U7zFuwZymArnwk4g6aybfaDdMdYGbhzX2O+qrg9bXu06XA==
  dependencies:
    ckeditor5 "^33.0.0"

"@ckeditor/ckeditor5-select-all@^33.0.0":
  version "33.0.0"
  resolved "https://registry.yarnpkg.com/@ckeditor/ckeditor5-select-all/-/ckeditor5-select-all-33.0.0.tgz#88f7d2bcf008bd29d7f1f5cc8d6cc7a1c432bfb0"
  integrity sha512-Srdp1vQtl3G0f7jgxerO+6oWuqcOs8zNtCKPgVAZICI3WJZZpC5QU4R7ouB2ESKhCL2nkRLMUB7j1+15mPj6Jg==
  dependencies:
    "@ckeditor/ckeditor5-core" "^33.0.0"
    "@ckeditor/ckeditor5-ui" "^33.0.0"
    "@ckeditor/ckeditor5-utils" "^33.0.0"

"@ckeditor/ckeditor5-table@^33.0.0":
  version "33.0.0"
  resolved "https://registry.yarnpkg.com/@ckeditor/ckeditor5-table/-/ckeditor5-table-33.0.0.tgz#40e01ca779840c40dde2f40c6086799679260fad"
  integrity sha512-sg7f0Yh9ax2oYT8YcnE4ZnI6L/oiGsfQPZQtSRiHA+whJUPf7DEAUr5bB/6CN7c/EmYM4LAixZUfp6kUnZuCsw==
  dependencies:
    ckeditor5 "^33.0.0"
    lodash-es "^4.17.15"

"@ckeditor/ckeditor5-typing@^33.0.0":
  version "33.0.0"
  resolved "https://registry.yarnpkg.com/@ckeditor/ckeditor5-typing/-/ckeditor5-typing-33.0.0.tgz#2c769bdbc7e2070b4b6bc64853dc019d77c68b91"
  integrity sha512-OxRoGe1+KmvK5toG5b5HS2G1So/tdAtxzY2jQR5Zmi6XkpPHx1vNBUHfPP9eB5d6qcxKpp/EjjLkk0q4EN2b+A==
  dependencies:
    "@ckeditor/ckeditor5-core" "^33.0.0"
    "@ckeditor/ckeditor5-engine" "^33.0.0"
    "@ckeditor/ckeditor5-utils" "^33.0.0"
    lodash-es "^4.17.15"

"@ckeditor/ckeditor5-ui@^33.0.0":
  version "33.0.0"
  resolved "https://registry.yarnpkg.com/@ckeditor/ckeditor5-ui/-/ckeditor5-ui-33.0.0.tgz#a7f815fcaecfec389a6a39142b607008870a65e8"
  integrity sha512-T/H28BpORjciUb8EaYIdkWbDx9jsKqhQmIkx1huEpoMi0HNQcfwqyHEOlfLFZGAupEXLIlO7zmTCxGYbpCmVsQ==
  dependencies:
    "@ckeditor/ckeditor5-core" "^33.0.0"
    "@ckeditor/ckeditor5-utils" "^33.0.0"
    lodash-es "^4.17.15"

"@ckeditor/ckeditor5-undo@^33.0.0":
  version "33.0.0"
  resolved "https://registry.yarnpkg.com/@ckeditor/ckeditor5-undo/-/ckeditor5-undo-33.0.0.tgz#759e2d8a7311242aa2e9f883f26765c9eb1ee3ff"
  integrity sha512-GvM5OAHMhnO/RYFNAKykrjAEPaPk7RWachp50Fl5P8IE37fmnf2pLAfSJFhr+Al2FzOGzsx7SNc308DnOOiXDQ==
  dependencies:
    "@ckeditor/ckeditor5-core" "^33.0.0"
    "@ckeditor/ckeditor5-engine" "^33.0.0"
    "@ckeditor/ckeditor5-ui" "^33.0.0"

"@ckeditor/ckeditor5-upload@^33.0.0":
  version "33.0.0"
  resolved "https://registry.yarnpkg.com/@ckeditor/ckeditor5-upload/-/ckeditor5-upload-33.0.0.tgz#45a90142969bf2f47e9ec8c952d09a59304066dd"
  integrity sha512-Bhp7fh8k7UVc82uyjTPy64T180FgV7S1vngjVFAT2hj2JXDyy+PgEU5pFpVSc5OaMovk0w2NC3bNv7aYiSIr7g==
  dependencies:
    "@ckeditor/ckeditor5-core" "^33.0.0"
    "@ckeditor/ckeditor5-ui" "^33.0.0"
    "@ckeditor/ckeditor5-utils" "^33.0.0"

"@ckeditor/ckeditor5-utils@^33.0.0":
  version "33.0.0"
  resolved "https://registry.yarnpkg.com/@ckeditor/ckeditor5-utils/-/ckeditor5-utils-33.0.0.tgz#ff7e46d86cdc1c63d0473e6091f8c1ef7fac1028"
  integrity sha512-6XEv4CPUI86Rmk49BxPe+GoUzVUxJAykKOhhKTRcAa6JfKsFuop/j7rqlGCd87X3rxE3/lpzoamQs5D0WKMW6w==
  dependencies:
    lodash-es "^4.17.15"

"@ckeditor/ckeditor5-vue@^3.0.0":
  version "3.0.0"
  resolved "https://registry.yarnpkg.com/@ckeditor/ckeditor5-vue/-/ckeditor5-vue-3.0.0.tgz#c83bbe450c9e0bd080a777dbe4c2b97531d055e8"
  integrity sha512-Ydfp3rj9jWmS10KUmWml+V8hq21SCEveHhnvLK4oWwYpIyZfa8S5AqRyoR/RwaJDSZ8js1SH489k2d8GjiveeQ==

"@ckeditor/ckeditor5-widget@^33.0.0":
  version "33.0.0"
  resolved "https://registry.yarnpkg.com/@ckeditor/ckeditor5-widget/-/ckeditor5-widget-33.0.0.tgz#8759b021ef9b3a8df4c8c7d7411c17d2c42f5928"
  integrity sha512-4GFsYQ5UQlQm46nTyQTp8RLZbSlRZ2DV/sgG3ZcC8f1Ar7CSDo1evJ5cE9XZCdi26S7QCIjRbYE4YDGgUV0Trw==
  dependencies:
    "@ckeditor/ckeditor5-core" "^33.0.0"
    "@ckeditor/ckeditor5-engine" "^33.0.0"
    "@ckeditor/ckeditor5-enter" "^33.0.0"
    "@ckeditor/ckeditor5-typing" "^33.0.0"
    "@ckeditor/ckeditor5-ui" "^33.0.0"
    "@ckeditor/ckeditor5-utils" "^33.0.0"
    lodash-es "^4.17.15"

"@vue/compiler-core@3.2.31":
  version "3.2.31"
  resolved "https://registry.yarnpkg.com/@vue/compiler-core/-/compiler-core-3.2.31.tgz#d38f06c2cf845742403b523ab4596a3fda152e89"
  integrity sha512-aKno00qoA4o+V/kR6i/pE+aP+esng5siNAVQ422TkBNM6qA4veXiZbSe8OTXHXquEi/f6Akc+nLfB4JGfe4/WQ==
  dependencies:
    "@babel/parser" "^7.16.4"
    "@vue/shared" "3.2.31"
    estree-walker "^2.0.2"
    source-map "^0.6.1"

"@vue/compiler-dom@3.2.31":
  version "3.2.31"
  resolved "https://registry.yarnpkg.com/@vue/compiler-dom/-/compiler-dom-3.2.31.tgz#b1b7dfad55c96c8cc2b919cd7eb5fd7e4ddbf00e"
  integrity sha512-60zIlFfzIDf3u91cqfqy9KhCKIJgPeqxgveH2L+87RcGU/alT6BRrk5JtUso0OibH3O7NXuNOQ0cDc9beT0wrg==
  dependencies:
    "@vue/compiler-core" "3.2.31"
    "@vue/shared" "3.2.31"

"@vue/compiler-sfc@3.2.31":
  version "3.2.31"
  resolved "https://registry.yarnpkg.com/@vue/compiler-sfc/-/compiler-sfc-3.2.31.tgz#d02b29c3fe34d599a52c5ae1c6937b4d69f11c2f"
  integrity sha512-748adc9msSPGzXgibHiO6T7RWgfnDcVQD+VVwYgSsyyY8Ans64tALHZANrKtOzvkwznV/F4H7OAod/jIlp/dkQ==
  dependencies:
    "@babel/parser" "^7.16.4"
    "@vue/compiler-core" "3.2.31"
    "@vue/compiler-dom" "3.2.31"
    "@vue/compiler-ssr" "3.2.31"
    "@vue/reactivity-transform" "3.2.31"
    "@vue/shared" "3.2.31"
    estree-walker "^2.0.2"
    magic-string "^0.25.7"
    postcss "^8.1.10"
    source-map "^0.6.1"

"@vue/compiler-ssr@3.2.31":
  version "3.2.31"
  resolved "https://registry.yarnpkg.com/@vue/compiler-ssr/-/compiler-ssr-3.2.31.tgz#4fa00f486c9c4580b40a4177871ebbd650ecb99c"
  integrity sha512-mjN0rqig+A8TVDnsGPYJM5dpbjlXeHUm2oZHZwGyMYiGT/F4fhJf/cXy8QpjnLQK4Y9Et4GWzHn9PS8AHUnSkw==
  dependencies:
    "@vue/compiler-dom" "3.2.31"
    "@vue/shared" "3.2.31"

"@vue/devtools-api@^6.0.0":
  version "6.1.3"
  resolved "https://registry.yarnpkg.com/@vue/devtools-api/-/devtools-api-6.1.3.tgz#a44c52e8fa6d22f84db3abdcdd0be5135b7dd7cf"
  integrity sha512-79InfO2xHv+WHIrH1bHXQUiQD/wMls9qBk6WVwGCbdwP7/3zINtvqPNMtmSHXsIKjvUAHc8L0ouOj6ZQQRmcXg==

"@vue/reactivity-transform@3.2.31":
  version "3.2.31"
  resolved "https://registry.yarnpkg.com/@vue/reactivity-transform/-/reactivity-transform-3.2.31.tgz#0f5b25c24e70edab2b613d5305c465b50fc00911"
  integrity sha512-uS4l4z/W7wXdI+Va5pgVxBJ345wyGFKvpPYtdSgvfJfX/x2Ymm6ophQlXXB6acqGHtXuBqNyyO3zVp9b1r0MOA==
  dependencies:
    "@babel/parser" "^7.16.4"
    "@vue/compiler-core" "3.2.31"
    "@vue/shared" "3.2.31"
    estree-walker "^2.0.2"
    magic-string "^0.25.7"

"@vue/reactivity@3.2.31":
  version "3.2.31"
  resolved "https://registry.yarnpkg.com/@vue/reactivity/-/reactivity-3.2.31.tgz#fc90aa2cdf695418b79e534783aca90d63a46bbd"
  integrity sha512-HVr0l211gbhpEKYr2hYe7hRsV91uIVGFYNHj73njbARVGHQvIojkImKMaZNDdoDZOIkMsBc9a1sMqR+WZwfSCw==
  dependencies:
    "@vue/shared" "3.2.31"

"@vue/runtime-core@3.2.31":
  version "3.2.31"
  resolved "https://registry.yarnpkg.com/@vue/runtime-core/-/runtime-core-3.2.31.tgz#9d284c382f5f981b7a7b5971052a1dc4ef39ac7a"
  integrity sha512-Kcog5XmSY7VHFEMuk4+Gap8gUssYMZ2+w+cmGI6OpZWYOEIcbE0TPzzPHi+8XTzAgx1w/ZxDFcXhZeXN5eKWsA==
  dependencies:
    "@vue/reactivity" "3.2.31"
    "@vue/shared" "3.2.31"

"@vue/runtime-dom@3.2.31":
  version "3.2.31"
  resolved "https://registry.yarnpkg.com/@vue/runtime-dom/-/runtime-dom-3.2.31.tgz#79ce01817cb3caf2c9d923f669b738d2d7953eff"
  integrity sha512-N+o0sICVLScUjfLG7u9u5XCjvmsexAiPt17GNnaWHJUfsKed5e85/A3SWgKxzlxx2SW/Hw7RQxzxbXez9PtY3g==
  dependencies:
    "@vue/runtime-core" "3.2.31"
    "@vue/shared" "3.2.31"
    csstype "^2.6.8"

"@vue/server-renderer@3.2.31":
  version "3.2.31"
  resolved "https://registry.yarnpkg.com/@vue/server-renderer/-/server-renderer-3.2.31.tgz#201e9d6ce735847d5989403af81ef80960da7141"
  integrity sha512-8CN3Zj2HyR2LQQBHZ61HexF5NReqngLT3oahyiVRfSSvak+oAvVmu8iNLSu6XR77Ili2AOpnAt1y8ywjjqtmkg==
  dependencies:
    "@vue/compiler-ssr" "3.2.31"
    "@vue/shared" "3.2.31"

"@vue/shared@3.2.31":
  version "3.2.31"
  resolved "https://registry.yarnpkg.com/@vue/shared/-/shared-3.2.31.tgz#c90de7126d833dcd3a4c7534d534be2fb41faa4e"
  integrity sha512-ymN2pj6zEjiKJZbrf98UM2pfDd6F2H7ksKw7NDt/ZZ1fh5Ei39X5tABugtT03ZRlWd9imccoK0hE8hpjpU7irQ==

ckeditor5@^33.0.0:
  version "33.0.0"
  resolved "https://registry.yarnpkg.com/ckeditor5/-/ckeditor5-33.0.0.tgz#7ad707f1be611c6fafa30d67abf9d3f1706d4524"
  integrity sha512-KW1NkNFHEch8SsaUE3Gc1NcBETd4qYHuMsTHFkfQWRYKIBqu1kH5csZbERG3RW93K0EzBYZJqyxWMjJzBmK9ZA==
  dependencies:
    "@ckeditor/ckeditor5-clipboard" "^33.0.0"
    "@ckeditor/ckeditor5-core" "^33.0.0"
    "@ckeditor/ckeditor5-engine" "^33.0.0"
    "@ckeditor/ckeditor5-enter" "^33.0.0"
    "@ckeditor/ckeditor5-paragraph" "^33.0.0"
    "@ckeditor/ckeditor5-select-all" "^33.0.0"
    "@ckeditor/ckeditor5-typing" "^33.0.0"
    "@ckeditor/ckeditor5-ui" "^33.0.0"
    "@ckeditor/ckeditor5-undo" "^33.0.0"
    "@ckeditor/ckeditor5-upload" "^33.0.0"
    "@ckeditor/ckeditor5-utils" "^33.0.0"
    "@ckeditor/ckeditor5-widget" "^33.0.0"

csstype@^2.6.8:
  version "2.6.20"
  resolved "https://registry.yarnpkg.com/csstype/-/csstype-2.6.20.tgz#9229c65ea0b260cf4d3d997cb06288e36a8d6dda"
  integrity sha512-/WwNkdXfckNgw6S5R125rrW8ez139lBHWouiBvX8dfMFtcn6V81REDqnH7+CRpRipfYlyU1CmOnOxrmGcFOjeA==

esbuild-android-64@0.14.28:
  version "0.14.28"
  resolved "https://registry.yarnpkg.com/esbuild-android-64/-/esbuild-android-64-0.14.28.tgz#69c7a8a4f4a888eb5584afb035524b0fda7affff"
  integrity sha512-A52C3zq+9tNwCqZ+4kVLBxnk/WnrYM8P2+QNvNE9B6d2OVPs214lp3g6UyO+dKDhUdefhfPCuwkP8j2A/+szNA==

esbuild-android-arm64@0.14.28:
  version "0.14.28"
  resolved "https://registry.yarnpkg.com/esbuild-android-arm64/-/esbuild-android-arm64-0.14.28.tgz#110ff82019e75b866b53844c32f19f7933b4ce36"
  integrity sha512-sm0fDEGElZhMC3HLZeECI2juE4aG7uPfMBMqNUhy9CeX399Pz8rC6e78OXMXInGjSdEAwQmCOHmfsP7uv3Q8rA==

esbuild-darwin-64@0.14.28:
  version "0.14.28"
  resolved "https://registry.yarnpkg.com/esbuild-darwin-64/-/esbuild-darwin-64-0.14.28.tgz#d929ce16035da6047504fe8a71587d2ac9b756ed"
  integrity sha512-nzDd7mQ44FvsFHtOafZdBgn3Li5SMsnMnoz1J2MM37xJmR3wGNTFph88KypjHgWqwbxCI7MXS1U+sN4qDeeW6Q==

esbuild-darwin-arm64@0.14.28:
  version "0.14.28"
  resolved "https://registry.yarnpkg.com/esbuild-darwin-arm64/-/esbuild-darwin-arm64-0.14.28.tgz#75e1cb75c2230c541be1707c6751395fee9f6bbd"
  integrity sha512-XEq/bLR/glsUl+uGrBimQzOVs/CmwI833fXUhP9xrLI3IJ+rKyrZ5IA8u+1crOEf1LoTn8tV+hInmX6rGjbScw==

esbuild-freebsd-64@0.14.28:
  version "0.14.28"
  resolved "https://registry.yarnpkg.com/esbuild-freebsd-64/-/esbuild-freebsd-64-0.14.28.tgz#3579fd41f4c090d52e1a9134743e591c6aea49d7"
  integrity sha512-rTKLgUj/HEcPeE5XZ7IZwWpFx7IWMfprN7QRk/TUJE1s1Ipb58esboIesUpjirJz/BwrgHq+FDG9ChAI8dZAtQ==

esbuild-freebsd-arm64@0.14.28:
  version "0.14.28"
  resolved "https://registry.yarnpkg.com/esbuild-freebsd-arm64/-/esbuild-freebsd-arm64-0.14.28.tgz#de1c102a40005fa9da5160c0242b2de89ffd2d7b"
  integrity sha512-sBffxD1UMOsB7aWMoExmipycjcy3HJGwmqE4GQZUTZvdiH4GhjgUiVdtPyt7kSCdL40JqnWQJ4b1l8Y51oCF4Q==

esbuild-linux-32@0.14.28:
  version "0.14.28"
  resolved "https://registry.yarnpkg.com/esbuild-linux-32/-/esbuild-linux-32-0.14.28.tgz#cdb8ac2000df06044450bf33a93b9d63d61bb669"
  integrity sha512-+Wxidh3fBEQ9kHcCsD4etlBTMb1n6QY2uXv3rFhVn88CY/JP782MhA57/ipLMY4kOLeSKEuFGN4rtjHuhmRMig==

esbuild-linux-64@0.14.28:
  version "0.14.28"
  resolved "https://registry.yarnpkg.com/esbuild-linux-64/-/esbuild-linux-64-0.14.28.tgz#b1e961d42af89dab8c3c0ce86420a7657765f0ae"
  integrity sha512-7+xgsC4LvR6cnzaBdiljNnPDjbkwzahogN+S9uy9AoYw7ZjPnnXc6sjQAVCbqGb7MEgrWdpa6u/Tao79i4lWxg==

esbuild-linux-arm64@0.14.28:
  version "0.14.28"
  resolved "https://registry.yarnpkg.com/esbuild-linux-arm64/-/esbuild-linux-arm64-0.14.28.tgz#f69e6ace792a4985b9760b443dbf627e5e3d2126"
  integrity sha512-EjRHgwg+kgXABzyoPGPOPg4d5wZqRnZ/ZAxBDzLY+i6DS8OUfTSlZHWIOZzU4XF7125WxRBg9ULbrFJBl+57Eg==

esbuild-linux-arm@0.14.28:
  version "0.14.28"
  resolved "https://registry.yarnpkg.com/esbuild-linux-arm/-/esbuild-linux-arm-0.14.28.tgz#9c2fa45578686370a5d782314f321a2c6b641270"
  integrity sha512-L5isjmlLbh9E0WVllXiVETbScgMbth/+XkXQii1WwgO1RvLIfaGrVFz8d2n6EH/ImtgYxPYGx+OcvIKQBc91Rg==

esbuild-linux-mips64le@0.14.28:
  version "0.14.28"
  resolved "https://registry.yarnpkg.com/esbuild-linux-mips64le/-/esbuild-linux-mips64le-0.14.28.tgz#99d78f0380640aa7faa2c4c49ac21229bdf33c7c"
  integrity sha512-krx9SSg7yfiUKk64EmjefOyiEF6nv2bRE4um/LiTaQ6Y/6FP4UF3/Ou/AxZVyR154uSRq63xejcAsmswXAYRsw==

esbuild-linux-ppc64le@0.14.28:
  version "0.14.28"
  resolved "https://registry.yarnpkg.com/esbuild-linux-ppc64le/-/esbuild-linux-ppc64le-0.14.28.tgz#7388fa0c76033b4ca85b74071cb793d41ae77642"
  integrity sha512-LD0Xxu9g+DNuhsEBV5QuVZ4uKVBMup0xPIruLweuAf9/mHXFnaCuNXUBF5t0DxKl7GQ5MSioKtnb92oMo+QXEw==

esbuild-linux-riscv64@0.14.28:
  version "0.14.28"
  resolved "https://registry.yarnpkg.com/esbuild-linux-riscv64/-/esbuild-linux-riscv64-0.14.28.tgz#99e4a8afe4762e927ebe02009e1927e38f3256ab"
  integrity sha512-L/DWfRh2P0vxq4Y+qieSNXKGdMg+e9Qe8jkbN2/8XSGYDTPzO2OcAxSujob4qIh7iSl+cknbXV+BvH0YFR0jbg==

esbuild-linux-s390x@0.14.28:
  version "0.14.28"
  resolved "https://registry.yarnpkg.com/esbuild-linux-s390x/-/esbuild-linux-s390x-0.14.28.tgz#38a625399ffc78f3b8b555ebe2013347256a9a8a"
  integrity sha512-rrgxmsbmL8QQknWGnAL9bGJRQYLOi2AzXy5OTwfhxnj9eqjo5mSVbJXjgiq5LPUAMQZGdPH5yaNK0obAXS81Zw==

esbuild-netbsd-64@0.14.28:
  version "0.14.28"
  resolved "https://registry.yarnpkg.com/esbuild-netbsd-64/-/esbuild-netbsd-64-0.14.28.tgz#fdc09dd69313f42be034276cc780bf60c09266b6"
  integrity sha512-h8wntIyOR8/xMVVM6TvJxxWKh4AjmLK87IPKpuVi8Pq0kyk0RMA+eo4PFGk5j2XK0D7dj8PcSF5NSlP9kN/j0A==

esbuild-openbsd-64@0.14.28:
  version "0.14.28"
  resolved "https://registry.yarnpkg.com/esbuild-openbsd-64/-/esbuild-openbsd-64-0.14.28.tgz#9d7b0ca421ae580ab945c69c33eabd793262a84c"
  integrity sha512-HBv18rVapbuDx52/fhZ/c/w6TXyaQAvRxiDDn5Hz/pBcwOs3cdd2WxeIKlWmDoqm2JMx5EVlq4IWgoaRX9mVkw==

esbuild-sunos-64@0.14.28:
  version "0.14.28"
  resolved "https://registry.yarnpkg.com/esbuild-sunos-64/-/esbuild-sunos-64-0.14.28.tgz#5b82807ebe435519a2689e1a4d50b8a3cc5c64c0"
  integrity sha512-zlIxePhZxKYheR2vBCgPVvTixgo/ozOfOMoP6RZj8dxzquU1NgeyhjkcRXucbLCtmoNJ+i4PtWwPZTLuDd3bGg==

esbuild-windows-32@0.14.28:
  version "0.14.28"
  resolved "https://registry.yarnpkg.com/esbuild-windows-32/-/esbuild-windows-32-0.14.28.tgz#5cf740782fadc865c00aa0d8388e42012bcf496e"
  integrity sha512-am9DIJxXlld1BOAY/VlvBQHMUCPL7S3gB/lnXIY3M4ys0gfuRqPf4EvMwZMzYUbFKBY+/Qb8SRgPRRGhwnJ8Kg==

esbuild-windows-64@0.14.28:
  version "0.14.28"
  resolved "https://registry.yarnpkg.com/esbuild-windows-64/-/esbuild-windows-64-0.14.28.tgz#6e3ec1b0225d668a2da21e2ffeff2353b5c9a567"
  integrity sha512-78PhySDnmRZlsPNp/W/5Fim8iivlBQQxfhBFIqR7xwvfDmCFUSByyMKP7LCHgNtb04yNdop8nJJkJaQ8Xnwgiw==

esbuild-windows-arm64@0.14.28:
  version "0.14.28"
  resolved "https://registry.yarnpkg.com/esbuild-windows-arm64/-/esbuild-windows-arm64-0.14.28.tgz#c527d52ec7d1f868259d0f74ecc4003e8475125d"
  integrity sha512-VhXGBTo6HELD8zyHXynV6+L2jWx0zkKnGx4TmEdSBK7UVFACtOyfUqpToG0EtnYyRZ0HESBhzPSVpP781ovmvA==

esbuild@^0.14.14:
  version "0.14.28"
  resolved "https://registry.yarnpkg.com/esbuild/-/esbuild-0.14.28.tgz#7738635d2ea19e446bd319d83a1802545e6aebb8"
  integrity sha512-YLNprkCcMVKQ5sekmCKEQ3Obu/L7s6+iij38xNKyBeSmSsTWur4Ky/9zB3XIGT8SCJITG/bZwAR2l7YOAXch4Q==
  optionalDependencies:
    esbuild-android-64 "0.14.28"
    esbuild-android-arm64 "0.14.28"
    esbuild-darwin-64 "0.14.28"
    esbuild-darwin-arm64 "0.14.28"
    esbuild-freebsd-64 "0.14.28"
    esbuild-freebsd-arm64 "0.14.28"
    esbuild-linux-32 "0.14.28"
    esbuild-linux-64 "0.14.28"
    esbuild-linux-arm "0.14.28"
    esbuild-linux-arm64 "0.14.28"
    esbuild-linux-mips64le "0.14.28"
    esbuild-linux-ppc64le "0.14.28"
    esbuild-linux-riscv64 "0.14.28"
    esbuild-linux-s390x "0.14.28"
    esbuild-netbsd-64 "0.14.28"
    esbuild-openbsd-64 "0.14.28"
    esbuild-sunos-64 "0.14.28"
    esbuild-windows-32 "0.14.28"
    esbuild-windows-64 "0.14.28"
    esbuild-windows-arm64 "0.14.28"

estree-walker@^2.0.2:
  version "2.0.2"
  resolved "https://registry.yarnpkg.com/estree-walker/-/estree-walker-2.0.2.tgz#52f010178c2a4c117a7757cfe942adb7d2da4cac"
  integrity sha512-Rfkk/Mp/DL7JVje3u18FxFujQlTNR2q6QfMSMB7AvCBx91NGj/ba3kCfza0f6dVDbw7YlRf/nDrn7pQrCCyQ/w==

fsevents@~2.3.2:
  version "2.3.2"
  resolved "https://registry.yarnpkg.com/fsevents/-/fsevents-2.3.2.tgz#8a526f78b8fdf4623b709e0b975c52c24c02fd1a"
  integrity sha512-xiqMQR4xAeHTuB9uWm+fFRcIOgKBMiOBP+eXiyT7jsgVCq1bkVygt00oASowB7EdtpOHaaPgKt812P9ab+DDKA==

function-bind@^1.1.1:
  version "1.1.1"
  resolved "https://registry.yarnpkg.com/function-bind/-/function-bind-1.1.1.tgz#a56899d3ea3c9bab874bb9773b7c5ede92f4895d"
  integrity sha512-yIovAzMX49sF8Yl58fSCWJ5svSLuaibPxXQJFLmBObTuCr0Mf1KiPopGM9NiFjiYBCbfaa2Fh6breQ6ANVTI0A==

has@^1.0.3:
  version "1.0.3"
  resolved "https://registry.yarnpkg.com/has/-/has-1.0.3.tgz#722d7cbfc1f6aa8241f16dd814e011e1f41e8796"
  integrity sha512-f2dvO0VU6Oej7RkWJGrehjbzMAjFp5/VKPp5tTpWIV4JHHZK1/BxbFRtf/siA2SWTe09caDmVtYYzWEIbBS4zw==
  dependencies:
    function-bind "^1.1.1"

is-core-module@^2.8.1:
  version "2.8.1"
  resolved "https://registry.yarnpkg.com/is-core-module/-/is-core-module-2.8.1.tgz#f59fdfca701d5879d0a6b100a40aa1560ce27211"
  integrity sha512-SdNCUs284hr40hFTFP6l0IfZ/RSrMXF3qgoRHd3/79unUTvrFO/JoXwkGm+5J/Oe3E/b5GsnG330uUNgRpu1PA==
  dependencies:
    has "^1.0.3"

lodash-es@^4.17.11, lodash-es@^4.17.15:
  version "4.17.21"
  resolved "https://registry.yarnpkg.com/lodash-es/-/lodash-es-4.17.21.tgz#43e626c46e6591b7750beb2b50117390c609e3ee"
  integrity sha512-mKnC+QJ9pWVzv+C4/U3rRsHapFfHvQFoFB92e52xeyGMcX6/OlIl78je1u8vePzYZSkkogMPJ2yjxxsb89cxyw==

magic-string@^0.25.7:
  version "0.25.9"
  resolved "https://registry.yarnpkg.com/magic-string/-/magic-string-0.25.9.tgz#de7f9faf91ef8a1c91d02c2e5314c8277dbcdd1c"
  integrity sha512-RmF0AsMzgt25qzqqLc1+MbHmhdx0ojF2Fvs4XnOqz2ZOBXzzkEwc/dJQZCYHAn7v1jbVOjAZfK8msRn4BxO4VQ==
  dependencies:
    sourcemap-codec "^1.4.8"

nanoid@^3.3.1:
  version "3.3.1"
  resolved "https://registry.yarnpkg.com/nanoid/-/nanoid-3.3.1.tgz#6347a18cac88af88f58af0b3594b723d5e99bb35"
  integrity sha512-n6Vs/3KGyxPQd6uO0eH4Bv0ojGSUvuLlIHtC3Y0kEO23YRge8H9x1GCzLn28YX0H66pMkxuaeESFq4tKISKwdw==

path-parse@^1.0.7:
  version "1.0.7"
  resolved "https://registry.yarnpkg.com/path-parse/-/path-parse-1.0.7.tgz#fbc114b60ca42b30d9daf5858e4bd68bbedb6735"
  integrity sha512-LDJzPVEEEPR+y48z93A0Ed0yXb8pAByGWo/k5YYdYgpY2/2EsOsksJrq7lOHxryrVOn1ejG6oAp8ahvOIQD8sw==

picocolors@^1.0.0:
  version "1.0.0"
  resolved "https://registry.yarnpkg.com/picocolors/-/picocolors-1.0.0.tgz#cb5bdc74ff3f51892236eaf79d68bc44564ab81c"
  integrity sha512-1fygroTLlHu66zi26VoTDv8yRgm0Fccecssto+MhsZ0D/DGW2sm8E8AjW7NU5VVTRt5GxbeZ5qBuJr+HyLYkjQ==

postcss@^8.1.10, postcss@^8.4.6:
  version "8.4.12"
  resolved "https://registry.yarnpkg.com/postcss/-/postcss-8.4.12.tgz#1e7de78733b28970fa4743f7da6f3763648b1905"
  integrity sha512-lg6eITwYe9v6Hr5CncVbK70SoioNQIq81nsaG86ev5hAidQvmOeETBqs7jm43K2F5/Ley3ytDtriImV6TpNiSg==
  dependencies:
    nanoid "^3.3.1"
    picocolors "^1.0.0"
    source-map-js "^1.0.2"

resolve@^1.22.0:
  version "1.22.0"
  resolved "https://registry.yarnpkg.com/resolve/-/resolve-1.22.0.tgz#5e0b8c67c15df57a89bdbabe603a002f21731198"
  integrity sha512-Hhtrw0nLeSrFQ7phPp4OOcVjLPIeMnRlr5mcnVuMe7M/7eBn98A3hmFRLoFo3DLZkivSYwhRUJTyPyWAk56WLw==
  dependencies:
    is-core-module "^2.8.1"
    path-parse "^1.0.7"
    supports-preserve-symlinks-flag "^1.0.0"

rollup@^2.59.0:
  version "2.70.1"
  resolved "https://registry.yarnpkg.com/rollup/-/rollup-2.70.1.tgz#824b1f1f879ea396db30b0fc3ae8d2fead93523e"
  integrity sha512-CRYsI5EuzLbXdxC6RnYhOuRdtz4bhejPMSWjsFLfVM/7w/85n2szZv6yExqUXsBdz5KT8eoubeyDUDjhLHEslA==
  optionalDependencies:
    fsevents "~2.3.2"

source-map-js@^1.0.2:
  version "1.0.2"
  resolved "https://registry.yarnpkg.com/source-map-js/-/source-map-js-1.0.2.tgz#adbc361d9c62df380125e7f161f71c826f1e490c"
  integrity sha512-R0XvVJ9WusLiqTCEiGCmICCMplcCkIwwR11mOSD9CR5u+IXYdiseeEuXCVAjS54zqwkLcPNnmU4OeJ6tUrWhDw==

source-map@^0.6.1:
  version "0.6.1"
  resolved "https://registry.yarnpkg.com/source-map/-/source-map-0.6.1.tgz#74722af32e9614e9c287a8d0bbde48b5e2f1a263"
  integrity sha512-UjgapumWlbMhkBgzT7Ykc5YXUT46F0iKu8SGXq0bcwP5dz/h0Plj6enJqjz1Zbq2l5WaqYnrVbwWOWMyF3F47g==

sourcemap-codec@^1.4.8:
  version "1.4.8"
  resolved "https://registry.yarnpkg.com/sourcemap-codec/-/sourcemap-codec-1.4.8.tgz#ea804bd94857402e6992d05a38ef1ae35a9ab4c4"
  integrity sha512-9NykojV5Uih4lgo5So5dtw+f0JgJX30KCNI8gwhz2J9A15wD0Ml6tjHKwf6fTSa6fAdVBdZeNOs9eJ71qCk8vA==

supports-preserve-symlinks-flag@^1.0.0:
  version "1.0.0"
  resolved "https://registry.yarnpkg.com/supports-preserve-symlinks-flag/-/supports-preserve-symlinks-flag-1.0.0.tgz#6eda4bd344a3c94aea376d4cc31bc77311039e09"
  integrity sha512-ot0WnXS9fgdkgIcePe6RHNk1WA8+muPa6cSjeR3V8K27q9BB1rTE3R1p7Hv0z1ZyAc8s6Vvv8DIyWf681MAt0w==

vite@^2.8.6:
  version "2.8.6"
  resolved "https://registry.yarnpkg.com/vite/-/vite-2.8.6.tgz#32d50e23c99ca31b26b8ccdc78b1d72d4d7323d3"
  integrity sha512-e4H0QpludOVKkmOsRyqQ7LTcMUDF3mcgyNU4lmi0B5JUbe0ZxeBBl8VoZ8Y6Rfn9eFKYtdXNPcYK97ZwH+K2ug==
  dependencies:
    esbuild "^0.14.14"
    postcss "^8.4.6"
    resolve "^1.22.0"
    rollup "^2.59.0"
  optionalDependencies:
    fsevents "~2.3.2"

vue-router@^4.0.13:
  version "4.0.13"
  resolved "https://registry.yarnpkg.com/vue-router/-/vue-router-4.0.13.tgz#47f06e2f8ff6120bfff3c27ade1356cc9de7d870"
  integrity sha512-LmXrC+BkDRLak+d5xTMgUYraT3Nj0H/vCbP+7usGvIl9Viqd1UP6AsP0i69pSbn9O0dXK/xCdp4yPw21HqV9Jw==
  dependencies:
    "@vue/devtools-api" "^6.0.0"

vue@^3.2.31:
  version "3.2.31"
  resolved "https://registry.yarnpkg.com/vue/-/vue-3.2.31.tgz#e0c49924335e9f188352816788a4cca10f817ce6"
  integrity sha512-odT3W2tcffTiQCy57nOT93INw1auq5lYLLYtWpPYQQYQOOdHiqFct9Xhna6GJ+pJQaF67yZABraH47oywkJgFw==
  dependencies:
    "@vue/compiler-dom" "3.2.31"
    "@vue/compiler-sfc" "3.2.31"
    "@vue/runtime-dom" "3.2.31"
    "@vue/server-renderer" "3.2.31"
    "@vue/shared" "3.2.31"
